
Microsoft Visual Studio Solution File, Format Version 12.00
# Visual Studio Version 16
VisualStudioVersion = 16.0.30114.105
MinimumVisualStudioVersion = 10.0.40219.1
Project("{FAE04EC0-301F-11D3-BF4B-00C04F79EFBC}") = "PainelMyPet", "PainelMyPet\PainelMyPet.csproj", "{ECA97CE2-2199-40BF-89A3-C236E4ACF356}"
EndProject
Global
	GlobalSection(SolutionConfigurationPlatforms) = preSolution
		Debug|Any CPU = Debug|Any CPU
		Release|Any CPU = Release|Any CPU
	EndGlobalSection
	GlobalSection(ProjectConfigurationPlatforms) = postSolution
		{ECA97CE2-2199-40BF-89A3-C236E4ACF356}.Debug|Any CPU.ActiveCfg = Debug|Any CPU
		{ECA97CE2-2199-40BF-89A3-C236E4ACF356}.Debug|Any CPU.Build.0 = Debug|Any CPU
		{ECA97CE2-2199-40BF-89A3-C236E4ACF356}.Release|Any CPU.ActiveCfg = Release|Any CPU
		{ECA97CE2-2199-40BF-89A3-C236E4ACF356}.Release|Any CPU.Build.0 = Release|Any CPU
	EndGlobalSection
	GlobalSection(SolutionProperties) = preSolution
		HideSolutionNode = FALSE
	EndGlobalSection
	GlobalSection(ExtensibilityGlobals) = postSolution
		SolutionGuid = {4E361E3E-83A5-4A43-A922-F70F0966DF6F}
	EndGlobalSection
EndGlobal
